# This file was autogenerated by Stack.
# You should not edit this file by hand.
# For more information, please see the documentation at:
#   https://docs.haskellstack.org/en/stable/lock_files

packages:
- completed:
    hackage: row-types-1.0.1.0@sha256:62d274be07da06aafe2d94b58818234e89e53864d2f65956da2903784c0005a7,2865
    pantry-tree:
      sha256: 0982996f259a250f4524466af479a8ca90ff72b143a3b9095ace24b1c371c4d5
      size: 931
  original:
    hackage: row-types-1.0.1.0
- completed:
    hackage: monadic-recursion-schemes-0.1.13.1@sha256:4cecf9b4f28493e46862f037d54689ff93bb4b4f798d1a71e79a8a846d6b44e7,1769
    pantry-tree:
      sha256: e1d40fd10c140e8825cf93a1fcc04047ada7f461cd770f5c1fc41056aeaf5079
      size: 356
  original:
    hackage: monadic-recursion-schemes-0.1.13.1
snapshots:
- completed:
    sha256: 428ec8d5ce932190d3cbe266b9eb3c175cd81e984babf876b64019e2cbe4ea68
    size: 590100
    url: https://raw.githubusercontent.com/commercialhaskell/stackage-snapshots/master/lts/18/28.yaml
  original:
    url: https://raw.githubusercontent.com/commercialhaskell/stackage-snapshots/master/lts/18/28.yaml
